
Microsoft Visual Studio Solution File, Format Version 12.00
# Visual Studio Version 16
VisualStudioVersion = 16.0.29001.49
MinimumVisualStudioVersion = 10.0.40219.1
Project("{FAE04EC0-301F-11D3-BF4B-00C04F79EFBC}") = "Aula03Csharp", "Aula03Csharp\Aula03Csharp.csproj", "{4ED8E566-18BA-4BFB-82E7-8E215006C90E}"
EndProject
Global
	GlobalSection(SolutionConfigurationPlatforms) = preSolution
		Debug|Any CPU = Debug|Any CPU
		Release|Any CPU = Release|Any CPU
	EndGlobalSection
	GlobalSection(ProjectConfigurationPlatforms) = postSolution
		{4ED8E566-18BA-4BFB-82E7-8E215006C90E}.Debug|Any CPU.ActiveCfg = Debug|Any CPU
		{4ED8E566-18BA-4BFB-82E7-8E215006C90E}.Debug|Any CPU.Build.0 = Debug|Any CPU
		{4ED8E566-18BA-4BFB-82E7-8E215006C90E}.Release|Any CPU.ActiveCfg = Release|Any CPU
		{4ED8E566-18BA-4BFB-82E7-8E215006C90E}.Release|Any CPU.Build.0 = Release|Any CPU
	EndGlobalSection
	GlobalSection(SolutionProperties) = preSolution
		HideSolutionNode = FALSE
	EndGlobalSection
	GlobalSection(ExtensibilityGlobals) = postSolution
		SolutionGuid = {1A779565-858C-4ECF-A458-01697AFF24D7}
	EndGlobalSection
EndGlobal
